// !$*UTF8*$!
{
	archiveVersion = 1;
	classes = {
	};
	objectVersion = 56;
	objects = {

/* Begin PBXBuildFile section */
		BDBA82C7B3BA4950BC321AC1 /* MyNoteApp.swift in Sources */ = {isa = PBXBuildFile; fileRef = 3A62CBD0E5BF4D519847E951 /* MyNoteApp.swift */; };
		31EC6DA734C6425BA9A7A700 /* Folder.swift in Sources */ = {isa = PBXBuildFile; fileRef = C25034C4BA9E4BE8B391F5D7 /* Folder.swift */; };
		1B75B4C6171346A5B55C5A81 /* Notebook.swift in Sources */ = {isa = PBXBuildFile; fileRef = 51AD69E7F7E044CF86C29371 /* Notebook.swift */; };
		5D8044CF09A44DE8B0F84E6E /* Note.swift in Sources */ = {isa = PBXBuildFile; fileRef = 5260954832BD4F5BBFD1F180 /* Note.swift */; };
		9760C4C7A31B4DACA8AECF8B /* PDFPageAnnotation.swift in Sources */ = {isa = PBXBuildFile; fileRef = 9CECB073659B4EF9A4BA0662 /* PDFPageAnnotation.swift */; };
		06DE0EAF57C54970BB182C29 /* MyNoteMigrationPlan.swift in Sources */ = {isa = PBXBuildFile; fileRef = 1FE98EECA3DA46A88BD1DB8D /* MyNoteMigrationPlan.swift */; };
		8F5C29B15E6A406781CDE2E4 /* ImageAttachment.swift in Sources */ = {isa = PBXBuildFile; fileRef = 032458C9181E4453A6C3EFDF /* ImageAttachment.swift */; };
		E7AEC6C5184845149D0CA6D5 /* TextBoxAttachment.swift in Sources */ = {isa = PBXBuildFile; fileRef = FA77DA986C734F2A9F3CC3C2 /* TextBoxAttachment.swift */; };
		6FED08AA5A114D5EAFF908CC /* AudioRecording.swift in Sources */ = {isa = PBXBuildFile; fileRef = 36255A8A88F14AE5A17B2A34 /* AudioRecording.swift */; };
		B4CB0117216741C6A9B03F05 /* RootView.swift in Sources */ = {isa = PBXBuildFile; fileRef = 3BFBB82063594006B584CBEE /* RootView.swift */; };
		2872C6D52E0F4802A3C97B68 /* FolderBrowserView.swift in Sources */ = {isa = PBXBuildFile; fileRef = B2182074CF5F45B1BB883544 /* FolderBrowserView.swift */; };
		72D08C2858614A22BBFA560B /* FolderPickerView.swift in Sources */ = {isa = PBXBuildFile; fileRef = 47712B7D41BD40AB9804BE62 /* FolderPickerView.swift */; };
		B24167A2CB584BB3834A02EE /* NotebookPickerView.swift in Sources */ = {isa = PBXBuildFile; fileRef = 72BBD2FF11DC439BB38AEE26 /* NotebookPickerView.swift */; };
		B0CF363AEAF1445A87448DA0 /* NotebookDetailView.swift in Sources */ = {isa = PBXBuildFile; fileRef = D222853029B240C1BEDE75E4 /* NotebookDetailView.swift */; };
		0030BEFC68FA4790A10ABD48 /* NoteEditorView.swift in Sources */ = {isa = PBXBuildFile; fileRef = DDFA5201C6C44439872E2E75 /* NoteEditorView.swift */; };
		C175B6FDBD6B4742833CFF54 /* PDFAnnotationView.swift in Sources */ = {isa = PBXBuildFile; fileRef = 207F7FABF5C6400E9B5E467A /* PDFAnnotationView.swift */; };
		9A606248A4CC4953A39D7F21 /* AudioRecordingsSheet.swift in Sources */ = {isa = PBXBuildFile; fileRef = 602DEAB271F345FDA3730131 /* AudioRecordingsSheet.swift */; };
		8F24B190EBD54C908DB40C4B /* CanvasRepresentable.swift in Sources */ = {isa = PBXBuildFile; fileRef = 5CFA317934BC4EF4937C5793 /* CanvasRepresentable.swift */; };
		04D554C3BCDF45779053228E /* ZoomablePDFPageView.swift in Sources */ = {isa = PBXBuildFile; fileRef = 868C0C74D17642F784D3BFC4 /* ZoomablePDFPageView.swift */; };
		710ABAFEE44A44F196326014 /* ActivityView.swift in Sources */ = {isa = PBXBuildFile; fileRef = 18AC4F04E9D944F8B87EFACD /* ActivityView.swift */; };
		A992DAEC32EA4B3782A7CA77 /* NotePaperBackgroundView.swift in Sources */ = {isa = PBXBuildFile; fileRef = 073304CA7659449AAC790EAE /* NotePaperBackgroundView.swift */; };
		9D941C66E12F4191A54C43E5 /* PencilToolbarView.swift in Sources */ = {isa = PBXBuildFile; fileRef = D7D98CDB0E85420E8B533798 /* PencilToolbarView.swift */; };
		9EBD19328DEC48C3B6FA64EB /* AttachmentOverlayView.swift in Sources */ = {isa = PBXBuildFile; fileRef = 09679BDEE2E14CA697D2510A /* AttachmentOverlayView.swift */; };
		3F3C25540D49479B984D058C /* FileImportService.swift in Sources */ = {isa = PBXBuildFile; fileRef = 90BF290703E943D691AF75C7 /* FileImportService.swift */; };
		034C4416939F477E847A7283 /* PDFAnnotationFlattener.swift in Sources */ = {isa = PBXBuildFile; fileRef = C31466F8DD8A4EEB830B3DBA /* PDFAnnotationFlattener.swift */; };
		A4C966C2A8124A9BB9A4A7D5 /* BackupService.swift in Sources */ = {isa = PBXBuildFile; fileRef = 12E28C371C9245F2B65F139E /* BackupService.swift */; };
		19A605E6DF46482A80D17058 /* OrganizationService.swift in Sources */ = {isa = PBXBuildFile; fileRef = 787140C167B8483AA1180B73 /* OrganizationService.swift */; };
		878105D7A549452BA1073088 /* AudioRecordingController.swift in Sources */ = {isa = PBXBuildFile; fileRef = CDBE3506FC7746DEB8EC2F35 /* AudioRecordingController.swift */; };
		E063CDA3D54A471091CBEF49 /* Assets.xcassets in Resources */ = {isa = PBXBuildFile; fileRef = 62E5FBB22309424994F63D59 /* Assets.xcassets */; };
/* End PBXBuildFile section */

/* Begin PBXFileReference section */
		3A62CBD0E5BF4D519847E951 /* MyNoteApp.swift */ = {isa = PBXFileReference; lastKnownFileType = sourcecode.swift; path = MyNoteApp.swift; sourceTree = "<group>"; };
		C25034C4BA9E4BE8B391F5D7 /* Folder.swift */ = {isa = PBXFileReference; lastKnownFileType = sourcecode.swift; path = Folder.swift; sourceTree = "<group>"; };
		51AD69E7F7E044CF86C29371 /* Notebook.swift */ = {isa = PBXFileReference; lastKnownFileType = sourcecode.swift; path = Notebook.swift; sourceTree = "<group>"; };
		5260954832BD4F5BBFD1F180 /* Note.swift */ = {isa = PBXFileReference; lastKnownFileType = sourcecode.swift; path = Note.swift; sourceTree = "<group>"; };
		9CECB073659B4EF9A4BA0662 /* PDFPageAnnotation.swift */ = {isa = PBXFileReference; lastKnownFileType = sourcecode.swift; path = PDFPageAnnotation.swift; sourceTree = "<group>"; };
		1FE98EECA3DA46A88BD1DB8D /* MyNoteMigrationPlan.swift */ = {isa = PBXFileReference; lastKnownFileType = sourcecode.swift; path = MyNoteMigrationPlan.swift; sourceTree = "<group>"; };
		032458C9181E4453A6C3EFDF /* ImageAttachment.swift */ = {isa = PBXFileReference; lastKnownFileType = sourcecode.swift; path = ImageAttachment.swift; sourceTree = "<group>"; };
		FA77DA986C734F2A9F3CC3C2 /* TextBoxAttachment.swift */ = {isa = PBXFileReference; lastKnownFileType = sourcecode.swift; path = TextBoxAttachment.swift; sourceTree = "<group>"; };
		36255A8A88F14AE5A17B2A34 /* AudioRecording.swift */ = {isa = PBXFileReference; lastKnownFileType = sourcecode.swift; path = AudioRecording.swift; sourceTree = "<group>"; };
		3BFBB82063594006B584CBEE /* RootView.swift */ = {isa = PBXFileReference; lastKnownFileType = sourcecode.swift; path = RootView.swift; sourceTree = "<group>"; };
		B2182074CF5F45B1BB883544 /* FolderBrowserView.swift */ = {isa = PBXFileReference; lastKnownFileType = sourcecode.swift; path = FolderBrowserView.swift; sourceTree = "<group>"; };
		47712B7D41BD40AB9804BE62 /* FolderPickerView.swift */ = {isa = PBXFileReference; lastKnownFileType = sourcecode.swift; path = FolderPickerView.swift; sourceTree = "<group>"; };
		72BBD2FF11DC439BB38AEE26 /* NotebookPickerView.swift */ = {isa = PBXFileReference; lastKnownFileType = sourcecode.swift; path = NotebookPickerView.swift; sourceTree = "<group>"; };
		D222853029B240C1BEDE75E4 /* NotebookDetailView.swift */ = {isa = PBXFileReference; lastKnownFileType = sourcecode.swift; path = NotebookDetailView.swift; sourceTree = "<group>"; };
		DDFA5201C6C44439872E2E75 /* NoteEditorView.swift */ = {isa = PBXFileReference; lastKnownFileType = sourcecode.swift; path = NoteEditorView.swift; sourceTree = "<group>"; };
		207F7FABF5C6400E9B5E467A /* PDFAnnotationView.swift */ = {isa = PBXFileReference; lastKnownFileType = sourcecode.swift; path = PDFAnnotationView.swift; sourceTree = "<group>"; };
		602DEAB271F345FDA3730131 /* AudioRecordingsSheet.swift */ = {isa = PBXFileReference; lastKnownFileType = sourcecode.swift; path = AudioRecordingsSheet.swift; sourceTree = "<group>"; };
		5CFA317934BC4EF4937C5793 /* CanvasRepresentable.swift */ = {isa = PBXFileReference; lastKnownFileType = sourcecode.swift; path = CanvasRepresentable.swift; sourceTree = "<group>"; };
		868C0C74D17642F784D3BFC4 /* ZoomablePDFPageView.swift */ = {isa = PBXFileReference; lastKnownFileType = sourcecode.swift; path = ZoomablePDFPageView.swift; sourceTree = "<group>"; };
		18AC4F04E9D944F8B87EFACD /* ActivityView.swift */ = {isa = PBXFileReference; lastKnownFileType = sourcecode.swift; path = ActivityView.swift; sourceTree = "<group>"; };
		073304CA7659449AAC790EAE /* NotePaperBackgroundView.swift */ = {isa = PBXFileReference; lastKnownFileType = sourcecode.swift; path = NotePaperBackgroundView.swift; sourceTree = "<group>"; };
		D7D98CDB0E85420E8B533798 /* PencilToolbarView.swift */ = {isa = PBXFileReference; lastKnownFileType = sourcecode.swift; path = PencilToolbarView.swift; sourceTree = "<group>"; };
		09679BDEE2E14CA697D2510A /* AttachmentOverlayView.swift */ = {isa = PBXFileReference; lastKnownFileType = sourcecode.swift; path = AttachmentOverlayView.swift; sourceTree = "<group>"; };
		90BF290703E943D691AF75C7 /* FileImportService.swift */ = {isa = PBXFileReference; lastKnownFileType = sourcecode.swift; path = FileImportService.swift; sourceTree = "<group>"; };
		C31466F8DD8A4EEB830B3DBA /* PDFAnnotationFlattener.swift */ = {isa = PBXFileReference; lastKnownFileType = sourcecode.swift; path = PDFAnnotationFlattener.swift; sourceTree = "<group>"; };
		12E28C371C9245F2B65F139E /* BackupService.swift */ = {isa = PBXFileReference; lastKnownFileType = sourcecode.swift; path = BackupService.swift; sourceTree = "<group>"; };
		787140C167B8483AA1180B73 /* OrganizationService.swift */ = {isa = PBXFileReference; lastKnownFileType = sourcecode.swift; path = OrganizationService.swift; sourceTree = "<group>"; };
		CDBE3506FC7746DEB8EC2F35 /* AudioRecordingController.swift */ = {isa = PBXFileReference; lastKnownFileType = sourcecode.swift; path = AudioRecordingController.swift; sourceTree = "<group>"; };
		62E5FBB22309424994F63D59 /* Assets.xcassets */ = {isa = PBXFileReference; lastKnownFileType = folder.assetcatalog; path = Assets.xcassets; sourceTree = "<group>"; };
		A0B50B97464F4BEAA7E9665D /* Info.plist */ = {isa = PBXFileReference; lastKnownFileType = text.plist.xml; path = Info.plist; sourceTree = "<group>"; };
		73D6EA239BF74BFB8BD86161 /* MyNote.entitlements */ = {isa = PBXFileReference; lastKnownFileType = text.plist.entitlements; path = MyNote.entitlements; sourceTree = "<group>"; };
		88ACC11C70A54C2EBEF64A0A /* MyNote.app */ = {isa = PBXFileReference; explicitFileType = wrapper.application; includeInIndex = 0; path = MyNote.app; sourceTree = BUILT_PRODUCTS_DIR; };
/* End PBXFileReference section */

/* Begin PBXFrameworksBuildPhase section */
		99F17F266D4A4324A637A793 /* Frameworks */ = {
			isa = PBXFrameworksBuildPhase;
			buildActionMask = 2147483647;
			files = (
			);
			runOnlyForDeploymentPostprocessing = 0;
		};
/* End PBXFrameworksBuildPhase section */

/* Begin PBXGroup section */
		533AB6E1E5CE4A4997462E04 = {
			isa = PBXGroup;
			children = (
				F7079068178F410DAB7FE3DE /* MyNote */,
				156A18AEBCDF4C129AB9D533 /* Products */,
			);
			sourceTree = "<group>";
		};
		156A18AEBCDF4C129AB9D533 /* Products */ = {
			isa = PBXGroup;
			children = (
				88ACC11C70A54C2EBEF64A0A /* MyNote.app */,
			);
			name = Products;
			sourceTree = "<group>";
		};
		F7079068178F410DAB7FE3DE /* MyNote */ = {
			isa = PBXGroup;
			children = (
				3A62CBD0E5BF4D519847E951 /* MyNoteApp.swift */,
				B403D3DFED5B4F41A188A1BF /* Models */,
				A85D9CB5FBF54929836925D8 /* Views */,
				E5C90DA2334B43768B6B5D50 /* Services */,
				62E5FBB22309424994F63D59 /* Assets.xcassets */,
				A0B50B97464F4BEAA7E9665D /* Info.plist */,
				73D6EA239BF74BFB8BD86161 /* MyNote.entitlements */,
			);
			path = MyNote;
			sourceTree = "<group>";
		};
		B403D3DFED5B4F41A188A1BF /* Models */ = {
			isa = PBXGroup;
			children = (
				C25034C4BA9E4BE8B391F5D7 /* Folder.swift */,
				51AD69E7F7E044CF86C29371 /* Notebook.swift */,
				5260954832BD4F5BBFD1F180 /* Note.swift */,
				9CECB073659B4EF9A4BA0662 /* PDFPageAnnotation.swift */,
				1FE98EECA3DA46A88BD1DB8D /* MyNoteMigrationPlan.swift */,
				032458C9181E4453A6C3EFDF /* ImageAttachment.swift */,
				FA77DA986C734F2A9F3CC3C2 /* TextBoxAttachment.swift */,
				36255A8A88F14AE5A17B2A34 /* AudioRecording.swift */,
			);
			path = Models;
			sourceTree = "<group>";
		};
		A85D9CB5FBF54929836925D8 /* Views */ = {
			isa = PBXGroup;
			children = (
				3BFBB82063594006B584CBEE /* RootView.swift */,
				B2182074CF5F45B1BB883544 /* FolderBrowserView.swift */,
				47712B7D41BD40AB9804BE62 /* FolderPickerView.swift */,
				72BBD2FF11DC439BB38AEE26 /* NotebookPickerView.swift */,
				D222853029B240C1BEDE75E4 /* NotebookDetailView.swift */,
				DDFA5201C6C44439872E2E75 /* NoteEditorView.swift */,
				207F7FABF5C6400E9B5E467A /* PDFAnnotationView.swift */,
				602DEAB271F345FDA3730131 /* AudioRecordingsSheet.swift */,
				E4469D539829420BB01F6487 /* Components */,
			);
			path = Views;
			sourceTree = "<group>";
		};
		E4469D539829420BB01F6487 /* Components */ = {
			isa = PBXGroup;
			children = (
				5CFA317934BC4EF4937C5793 /* CanvasRepresentable.swift */,
				868C0C74D17642F784D3BFC4 /* ZoomablePDFPageView.swift */,
				18AC4F04E9D944F8B87EFACD /* ActivityView.swift */,
				073304CA7659449AAC790EAE /* NotePaperBackgroundView.swift */,
				D7D98CDB0E85420E8B533798 /* PencilToolbarView.swift */,
				09679BDEE2E14CA697D2510A /* AttachmentOverlayView.swift */,
			);
			path = Components;
			sourceTree = "<group>";
		};
		E5C90DA2334B43768B6B5D50 /* Services */ = {
			isa = PBXGroup;
			children = (
				90BF290703E943D691AF75C7 /* FileImportService.swift */,
				C31466F8DD8A4EEB830B3DBA /* PDFAnnotationFlattener.swift */,
				12E28C371C9245F2B65F139E /* BackupService.swift */,
				787140C167B8483AA1180B73 /* OrganizationService.swift */,
				CDBE3506FC7746DEB8EC2F35 /* AudioRecordingController.swift */,
			);
			path = Services;
			sourceTree = "<group>";
		};
/* End PBXGroup section */

/* Begin PBXNativeTarget section */
		1803EC5A7AEB4A6DA581F643 /* MyNote */ = {
			isa = PBXNativeTarget;
			buildConfigurationList = 7439524468A74AE39821C66A /* Build configuration list for PBXNativeTarget "MyNote" */;
			buildPhases = (
				59FABBB3A41E4F249FBA9A88 /* Sources */,
				99F17F266D4A4324A637A793 /* Frameworks */,
				A75B2923A31C4FEA8241E8DC /* Resources */,
			);
			buildRules = (
			);
			dependencies = (
			);
			name = MyNote;
			productName = MyNote;
			productReference = 88ACC11C70A54C2EBEF64A0A /* MyNote.app */;
			productType = "com.apple.product-type.application";
		};
/* End PBXNativeTarget section */

/* Begin PBXProject section */
		C1C4A20291874956BD3161DE /* Project object */ = {
			isa = PBXProject;
			attributes = {
				BuildIndependentTargetsInParallel = 1;
				LastSwiftUpdateCheck = 1540;
				LastUpgradeCheck = 1540;
				TargetAttributes = {
					1803EC5A7AEB4A6DA581F643 = {
						CreatedOnToolsVersion = 15.4;
					};
				};
			};
			buildConfigurationList = 3F7D35CD12324060B5C2E442 /* Build configuration list for PBXProject "MyNote" */;
			compatibilityVersion = "Xcode 14.0";
			developmentRegion = ko;
			hasScannedForEncodings = 0;
			knownRegions = (
				ko,
				en,
				Base,
			);
			mainGroup = 533AB6E1E5CE4A4997462E04;
			productRefGroup = 156A18AEBCDF4C129AB9D533 /* Products */;
			projectDirPath = "";
			projectRoot = "";
			targets = (
				1803EC5A7AEB4A6DA581F643 /* MyNote */,
			);
		};
/* End PBXProject section */

/* Begin PBXResourcesBuildPhase section */
		A75B2923A31C4FEA8241E8DC /* Resources */ = {
			isa = PBXResourcesBuildPhase;
			buildActionMask = 2147483647;
			files = (
				E063CDA3D54A471091CBEF49 /* Assets.xcassets in Resources */,
			);
			runOnlyForDeploymentPostprocessing = 0;
		};
/* End PBXResourcesBuildPhase section */

/* Begin PBXSourcesBuildPhase section */
		59FABBB3A41E4F249FBA9A88 /* Sources */ = {
			isa = PBXSourcesBuildPhase;
			buildActionMask = 2147483647;
			files = (
				BDBA82C7B3BA4950BC321AC1 /* MyNoteApp.swift in Sources */,
				31EC6DA734C6425BA9A7A700 /* Folder.swift in Sources */,
				1B75B4C6171346A5B55C5A81 /* Notebook.swift in Sources */,
				5D8044CF09A44DE8B0F84E6E /* Note.swift in Sources */,
				9760C4C7A31B4DACA8AECF8B /* PDFPageAnnotation.swift in Sources */,
				06DE0EAF57C54970BB182C29 /* MyNoteMigrationPlan.swift in Sources */,
				8F5C29B15E6A406781CDE2E4 /* ImageAttachment.swift in Sources */,
				E7AEC6C5184845149D0CA6D5 /* TextBoxAttachment.swift in Sources */,
				6FED08AA5A114D5EAFF908CC /* AudioRecording.swift in Sources */,
				B4CB0117216741C6A9B03F05 /* RootView.swift in Sources */,
				2872C6D52E0F4802A3C97B68 /* FolderBrowserView.swift in Sources */,
				72D08C2858614A22BBFA560B /* FolderPickerView.swift in Sources */,
				B24167A2CB584BB3834A02EE /* NotebookPickerView.swift in Sources */,
				B0CF363AEAF1445A87448DA0 /* NotebookDetailView.swift in Sources */,
				0030BEFC68FA4790A10ABD48 /* NoteEditorView.swift in Sources */,
				C175B6FDBD6B4742833CFF54 /* PDFAnnotationView.swift in Sources */,
				9A606248A4CC4953A39D7F21 /* AudioRecordingsSheet.swift in Sources */,
				8F24B190EBD54C908DB40C4B /* CanvasRepresentable.swift in Sources */,
				04D554C3BCDF45779053228E /* ZoomablePDFPageView.swift in Sources */,
				710ABAFEE44A44F196326014 /* ActivityView.swift in Sources */,
				A992DAEC32EA4B3782A7CA77 /* NotePaperBackgroundView.swift in Sources */,
				9D941C66E12F4191A54C43E5 /* PencilToolbarView.swift in Sources */,
				9EBD19328DEC48C3B6FA64EB /* AttachmentOverlayView.swift in Sources */,
				3F3C25540D49479B984D058C /* FileImportService.swift in Sources */,
				034C4416939F477E847A7283 /* PDFAnnotationFlattener.swift in Sources */,
				A4C966C2A8124A9BB9A4A7D5 /* BackupService.swift in Sources */,
				19A605E6DF46482A80D17058 /* OrganizationService.swift in Sources */,
				878105D7A549452BA1073088 /* AudioRecordingController.swift in Sources */,
			);
			runOnlyForDeploymentPostprocessing = 0;
		};
/* End PBXSourcesBuildPhase section */

/* Begin XCBuildConfiguration section */
		D692C8B84824423DB3826898 /* Debug */ = {
			isa = XCBuildConfiguration;
			buildSettings = {

				ALWAYS_SEARCH_USER_PATHS = NO;
				ASSETCATALOG_COMPILER_GENERATE_SWIFT_ASSET_SYMBOL_EXTENSIONS = YES;
				CLANG_ANALYZER_NONNULL = YES;
				CLANG_ANALYZER_NUMBER_OBJECT_CONVERSION = YES_AGGRESSIVE;
				CLANG_CXX_LANGUAGE_STANDARD = "gnu++20";
				CLANG_ENABLE_MODULES = YES;
				CLANG_ENABLE_OBJC_ARC = YES;
				CLANG_ENABLE_OBJC_WEAK = YES;
				CLANG_WARN_BLOCK_CAPTURE_AUTORELEASING = YES;
				CLANG_WARN_BOOL_CONVERSION = YES;
				CLANG_WARN_COMMA = YES;
				CLANG_WARN_CONSTANT_CONVERSION = YES;
				CLANG_WARN_DEPRECATED_OBJC_IMPLEMENTATIONS = YES;
				CLANG_WARN_DIRECT_OBJC_ISA_USAGE = YES_ERROR;
				CLANG_WARN_DOCUMENTATION_COMMENTS = YES;
				CLANG_WARN_EMPTY_BODY = YES;
				CLANG_WARN_ENUM_CONVERSION = YES;
				CLANG_WARN_INFINITE_RECURSION = YES;
				CLANG_WARN_INT_CONVERSION = YES;
				CLANG_WARN_NON_LITERAL_NULL_CONVERSION = YES;
				CLANG_WARN_OBJC_IMPLICIT_RETAIN_SELF = YES;
				CLANG_WARN_OBJC_LITERAL_CONVERSION = YES;
				CLANG_WARN_OBJC_ROOT_CLASS = YES_ERROR;
				CLANG_WARN_QUOTED_INCLUDE_IN_FRAMEWORK_HEADER = YES;
				CLANG_WARN_RANGE_LOOP_ANALYSIS = YES;
				CLANG_WARN_STRICT_PROTOTYPES = YES;
				CLANG_WARN_SUSPICIOUS_MOVE = YES;
				CLANG_WARN_UNGUARDED_AVAILABILITY = YES_AGGRESSIVE;
				CLANG_WARN_UNREACHABLE_CODE = YES;
				CLANG_WARN__DUPLICATE_METHOD_MATCH = YES;
				COPY_PHASE_STRIP = NO;
				DEBUG_INFORMATION_FORMAT = dwarf;
				ENABLE_STRICT_OBJC_MSGSEND = YES;
				ENABLE_TESTABILITY = YES;
				GCC_C_LANGUAGE_STANDARD = gnu17;
				GCC_DYNAMIC_NO_PIC = NO;
				GCC_NO_COMMON_BLOCKS = YES;
				GCC_OPTIMIZATION_LEVEL = 0;
				GCC_PREPROCESSOR_DEFINITIONS = (
					"DEBUG=1",
					"$(inherited)",
				);
				GCC_WARN_64_TO_32_BIT_CONVERSION = YES;
				GCC_WARN_ABOUT_RETURN_TYPE = YES_ERROR;
				GCC_WARN_UNDECLARED_SELECTOR = YES;
				GCC_WARN_UNINITIALIZED_AUTOS = YES_AGGRESSIVE;
				GCC_WARN_UNUSED_FUNCTION = YES;
				GCC_WARN_UNUSED_VARIABLE = YES;
				IPHONEOS_DEPLOYMENT_TARGET = 17.0;
				MTL_ENABLE_DEBUG_INFO = INCLUDE_SOURCE;
				MTL_FAST_MATH = YES;
				ONLY_ACTIVE_ARCH = YES;
				SDKROOT = iphoneos;
				SWIFT_ACTIVE_COMPILATION_CONDITIONS = DEBUG;
				SWIFT_OPTIMIZATION_LEVEL = "-Onone";
			};
			name = Debug;
		};
		34B3758D63D442E899633A92 /* Release */ = {
			isa = XCBuildConfiguration;
			buildSettings = {

				ALWAYS_SEARCH_USER_PATHS = NO;
				ASSETCATALOG_COMPILER_GENERATE_SWIFT_ASSET_SYMBOL_EXTENSIONS = YES;
				CLANG_ANALYZER_NONNULL = YES;
				CLANG_ANALYZER_NUMBER_OBJECT_CONVERSION = YES_AGGRESSIVE;
				CLANG_CXX_LANGUAGE_STANDARD = "gnu++20";
				CLANG_ENABLE_MODULES = YES;
				CLANG_ENABLE_OBJC_ARC = YES;
				CLANG_ENABLE_OBJC_WEAK = YES;
				CLANG_WARN_BLOCK_CAPTURE_AUTORELEASING = YES;
				CLANG_WARN_BOOL_CONVERSION = YES;
				CLANG_WARN_COMMA = YES;
				CLANG_WARN_CONSTANT_CONVERSION = YES;
				CLANG_WARN_DEPRECATED_OBJC_IMPLEMENTATIONS = YES;
				CLANG_WARN_DIRECT_OBJC_ISA_USAGE = YES_ERROR;
				CLANG_WARN_DOCUMENTATION_COMMENTS = YES;
				CLANG_WARN_EMPTY_BODY = YES;
				CLANG_WARN_ENUM_CONVERSION = YES;
				CLANG_WARN_INFINITE_RECURSION = YES;
				CLANG_WARN_INT_CONVERSION = YES;
				CLANG_WARN_NON_LITERAL_NULL_CONVERSION = YES;
				CLANG_WARN_OBJC_IMPLICIT_RETAIN_SELF = YES;
				CLANG_WARN_OBJC_LITERAL_CONVERSION = YES;
				CLANG_WARN_OBJC_ROOT_CLASS = YES_ERROR;
				CLANG_WARN_QUOTED_INCLUDE_IN_FRAMEWORK_HEADER = YES;
				CLANG_WARN_RANGE_LOOP_ANALYSIS = YES;
				CLANG_WARN_STRICT_PROTOTYPES = YES;
				CLANG_WARN_SUSPICIOUS_MOVE = YES;
				CLANG_WARN_UNGUARDED_AVAILABILITY = YES_AGGRESSIVE;
				CLANG_WARN_UNREACHABLE_CODE = YES;
				CLANG_WARN__DUPLICATE_METHOD_MATCH = YES;
				COPY_PHASE_STRIP = NO;
				DEBUG_INFORMATION_FORMAT = "dwarf-with-dsym";
				ENABLE_STRICT_OBJC_MSGSEND = YES;
				GCC_C_LANGUAGE_STANDARD = gnu17;
				GCC_DYNAMIC_NO_PIC = NO;
				GCC_NO_COMMON_BLOCKS = YES;
				GCC_WARN_64_TO_32_BIT_CONVERSION = YES;
				GCC_WARN_ABOUT_RETURN_TYPE = YES_ERROR;
				GCC_WARN_UNDECLARED_SELECTOR = YES;
				GCC_WARN_UNINITIALIZED_AUTOS = YES_AGGRESSIVE;
				GCC_WARN_UNUSED_FUNCTION = YES;
				GCC_WARN_UNUSED_VARIABLE = YES;
				IPHONEOS_DEPLOYMENT_TARGET = 17.0;
				MTL_ENABLE_DEBUG_INFO = INCLUDE_SOURCE;
				MTL_FAST_MATH = YES;
				SDKROOT = iphoneos;
				SWIFT_COMPILATION_MODE = wholemodule;
				VALIDATE_PRODUCT = YES;
			};
			name = Release;
		};
		CCDEFB30AB5048CABAFE1DD1 /* Debug */ = {
			isa = XCBuildConfiguration;
			buildSettings = {

				ASSETCATALOG_COMPILER_APPICON_NAME = AppIcon;
				ASSETCATALOG_COMPILER_GLOBAL_ACCENT_COLOR_NAME = AccentColor;
				CODE_SIGN_ENTITLEMENTS = MyNote/MyNote.entitlements;
				CODE_SIGN_STYLE = Automatic;
				CURRENT_PROJECT_VERSION = 1;
				DEVELOPMENT_ASSET_PATHS = "";
				ENABLE_PREVIEWS = YES;
				GENERATE_INFOPLIST_FILE = NO;
				INFOPLIST_FILE = MyNote/Info.plist;
				INFOPLIST_KEY_UILaunchScreen_Generation = YES;
				IPHONEOS_DEPLOYMENT_TARGET = 17.0;
				LD_RUNPATH_SEARCH_PATHS = (
					"$(inherited)",
					"@executable_path/Frameworks",
				);
				MARKETING_VERSION = 1.0;
				PRODUCT_BUNDLE_IDENTIFIER = com.mrnoh99.MyNote;
				PRODUCT_NAME = "$(TARGET_NAME)";
				SUPPORTS_MACCATALYST = NO;
				SWIFT_EMIT_LOC_STRINGS = YES;
				SWIFT_VERSION = 5.0;
				TARGETED_DEVICE_FAMILY = "1,2";
			};
			name = Debug;
		};
		9A7933E965CD47AAAC3C823D /* Release */ = {
			isa = XCBuildConfiguration;
			buildSettings = {

				ASSETCATALOG_COMPILER_APPICON_NAME = AppIcon;
				ASSETCATALOG_COMPILER_GLOBAL_ACCENT_COLOR_NAME = AccentColor;
				CODE_SIGN_ENTITLEMENTS = MyNote/MyNote.entitlements;
				CODE_SIGN_STYLE = Automatic;
				CURRENT_PROJECT_VERSION = 1;
				DEVELOPMENT_ASSET_PATHS = "";
				ENABLE_PREVIEWS = YES;
				GENERATE_INFOPLIST_FILE = NO;
				INFOPLIST_FILE = MyNote/Info.plist;
				INFOPLIST_KEY_UILaunchScreen_Generation = YES;
				IPHONEOS_DEPLOYMENT_TARGET = 17.0;
				LD_RUNPATH_SEARCH_PATHS = (
					"$(inherited)",
					"@executable_path/Frameworks",
				);
				MARKETING_VERSION = 1.0;
				PRODUCT_BUNDLE_IDENTIFIER = com.mrnoh99.MyNote;
				PRODUCT_NAME = "$(TARGET_NAME)";
				SUPPORTS_MACCATALYST = NO;
				SWIFT_EMIT_LOC_STRINGS = YES;
				SWIFT_VERSION = 5.0;
				TARGETED_DEVICE_FAMILY = "1,2";
			};
			name = Release;
		};
/* End XCBuildConfiguration section */

/* Begin XCConfigurationList section */
		3F7D35CD12324060B5C2E442 /* Build configuration list for PBXProject "MyNote" */ = {
			isa = XCConfigurationList;
			buildConfigurations = (
				D692C8B84824423DB3826898 /* Debug */,
				34B3758D63D442E899633A92 /* Release */,
			);
			defaultConfigurationIsVisible = 0;
			defaultConfigurationName = Release;
		};
		7439524468A74AE39821C66A /* Build configuration list for PBXNativeTarget "MyNote" */ = {
			isa = XCConfigurationList;
			buildConfigurations = (
				CCDEFB30AB5048CABAFE1DD1 /* Debug */,
				9A7933E965CD47AAAC3C823D /* Release */,
			);
			defaultConfigurationIsVisible = 0;
			defaultConfigurationName = Release;
		};
/* End XCConfigurationList section */
	};
	rootObject = C1C4A20291874956BD3161DE /* Project object */;
}
