// !$*UTF8*$!
{
	archiveVersion = 1;
	classes = {
	};
	objectVersion = 56;
	objects = {

/* Begin PBXBuildFile section */
		9D2886D73B52431481629EB2 /* MyNoteApp.swift in Sources */ = {isa = PBXBuildFile; fileRef = 9764A2FE24F442C2994E425A /* MyNoteApp.swift */; };
		17676B9D5C4B406FAAE8EE3C /* Folder.swift in Sources */ = {isa = PBXBuildFile; fileRef = 63373575F91E499D878A4ECC /* Folder.swift */; };
		D52C0A39CAFE430D84612B86 /* Notebook.swift in Sources */ = {isa = PBXBuildFile; fileRef = C33CFF01FCD94DEBBD7B85F9 /* Notebook.swift */; };
		C4AE02D2525440FA8878BD59 /* Note.swift in Sources */ = {isa = PBXBuildFile; fileRef = 4C757FAD185C41C5894C1AEE /* Note.swift */; };
		7EB4C681C87643F28FA309CE /* PDFPageAnnotation.swift in Sources */ = {isa = PBXBuildFile; fileRef = 5E8C5236CFFB4041B0C35E9F /* PDFPageAnnotation.swift */; };
		7C801625C93547B5A3D5DB98 /* MyNoteMigrationPlan.swift in Sources */ = {isa = PBXBuildFile; fileRef = 6C80B86A6BB24070ADD1618B /* MyNoteMigrationPlan.swift */; };
		3C54DDC2D0B0456F8438CFE3 /* RootView.swift in Sources */ = {isa = PBXBuildFile; fileRef = 3E56CEEA13B74D62AE949EF9 /* RootView.swift */; };
		BADCCC23FB944298A887763D /* FolderBrowserView.swift in Sources */ = {isa = PBXBuildFile; fileRef = 1DA23A1F8E7F46BAAA008854 /* FolderBrowserView.swift */; };
		8ECF7966D61647EAB8416891 /* FolderPickerView.swift in Sources */ = {isa = PBXBuildFile; fileRef = B9C3660D70634A60A7D2F040 /* FolderPickerView.swift */; };
		CCC34622E2E9456AAD2EC90E /* NotebookPickerView.swift in Sources */ = {isa = PBXBuildFile; fileRef = AB323E7C34054633BF410307 /* NotebookPickerView.swift */; };
		F984B88F6886491FB84A4EBE /* NotebookDetailView.swift in Sources */ = {isa = PBXBuildFile; fileRef = C48F2F0DF55241BEAE2E49F3 /* NotebookDetailView.swift */; };
		D4400006D3AB4DC0AB497B05 /* NoteEditorView.swift in Sources */ = {isa = PBXBuildFile; fileRef = F2BC46D9964B4B389D8E550C /* NoteEditorView.swift */; };
		A32B4152922F45B28DEE91D2 /* PDFAnnotationView.swift in Sources */ = {isa = PBXBuildFile; fileRef = DE9673D8C5E54FF09E189FF3 /* PDFAnnotationView.swift */; };
		26484CEDA9B54542B859361D /* CanvasRepresentable.swift in Sources */ = {isa = PBXBuildFile; fileRef = F78DED34B20F4EAF9A5E9460 /* CanvasRepresentable.swift */; };
		6CA54DC0BA4C4FCE869AC52C /* ZoomablePDFPageView.swift in Sources */ = {isa = PBXBuildFile; fileRef = 49A7E79A03BE4F0799E15575 /* ZoomablePDFPageView.swift */; };
		B783402A667B44B88120B217 /* ActivityView.swift in Sources */ = {isa = PBXBuildFile; fileRef = FA3A8475ECAA4D63B751DA13 /* ActivityView.swift */; };
		EF643CC59E8C40059B4ACAF6 /* NotePaperBackgroundView.swift in Sources */ = {isa = PBXBuildFile; fileRef = EA40E4F092324CFBBECAE874 /* NotePaperBackgroundView.swift */; };
		0D50AFBD79024AD88225EF10 /* FileImportService.swift in Sources */ = {isa = PBXBuildFile; fileRef = E8AE1E3393C04D23982A228B /* FileImportService.swift */; };
		1559075AC2654BA497561719 /* PDFAnnotationFlattener.swift in Sources */ = {isa = PBXBuildFile; fileRef = 0646A64D5D4342A0983B431A /* PDFAnnotationFlattener.swift */; };
		447FBBD368EE4A1DBEC6CAE5 /* BackupService.swift in Sources */ = {isa = PBXBuildFile; fileRef = 122C0A52D451496A959C889A /* BackupService.swift */; };
		86C0E62FDC814CF59CEB8AAC /* OrganizationService.swift in Sources */ = {isa = PBXBuildFile; fileRef = 2DDA37FFD84947568F6375C1 /* OrganizationService.swift */; };
		39BE19253F09414D9930F9CE /* Assets.xcassets in Resources */ = {isa = PBXBuildFile; fileRef = A1A69D123EE746D8B3119F15 /* Assets.xcassets */; };
/* End PBXBuildFile section */

/* Begin PBXFileReference section */
		9764A2FE24F442C2994E425A /* MyNoteApp.swift */ = {isa = PBXFileReference; lastKnownFileType = sourcecode.swift; path = MyNoteApp.swift; sourceTree = "<group>"; };
		63373575F91E499D878A4ECC /* Folder.swift */ = {isa = PBXFileReference; lastKnownFileType = sourcecode.swift; path = Folder.swift; sourceTree = "<group>"; };
		C33CFF01FCD94DEBBD7B85F9 /* Notebook.swift */ = {isa = PBXFileReference; lastKnownFileType = sourcecode.swift; path = Notebook.swift; sourceTree = "<group>"; };
		4C757FAD185C41C5894C1AEE /* Note.swift */ = {isa = PBXFileReference; lastKnownFileType = sourcecode.swift; path = Note.swift; sourceTree = "<group>"; };
		5E8C5236CFFB4041B0C35E9F /* PDFPageAnnotation.swift */ = {isa = PBXFileReference; lastKnownFileType = sourcecode.swift; path = PDFPageAnnotation.swift; sourceTree = "<group>"; };
		6C80B86A6BB24070ADD1618B /* MyNoteMigrationPlan.swift */ = {isa = PBXFileReference; lastKnownFileType = sourcecode.swift; path = MyNoteMigrationPlan.swift; sourceTree = "<group>"; };
		3E56CEEA13B74D62AE949EF9 /* RootView.swift */ = {isa = PBXFileReference; lastKnownFileType = sourcecode.swift; path = RootView.swift; sourceTree = "<group>"; };
		1DA23A1F8E7F46BAAA008854 /* FolderBrowserView.swift */ = {isa = PBXFileReference; lastKnownFileType = sourcecode.swift; path = FolderBrowserView.swift; sourceTree = "<group>"; };
		B9C3660D70634A60A7D2F040 /* FolderPickerView.swift */ = {isa = PBXFileReference; lastKnownFileType = sourcecode.swift; path = FolderPickerView.swift; sourceTree = "<group>"; };
		AB323E7C34054633BF410307 /* NotebookPickerView.swift */ = {isa = PBXFileReference; lastKnownFileType = sourcecode.swift; path = NotebookPickerView.swift; sourceTree = "<group>"; };
		C48F2F0DF55241BEAE2E49F3 /* NotebookDetailView.swift */ = {isa = PBXFileReference; lastKnownFileType = sourcecode.swift; path = NotebookDetailView.swift; sourceTree = "<group>"; };
		F2BC46D9964B4B389D8E550C /* NoteEditorView.swift */ = {isa = PBXFileReference; lastKnownFileType = sourcecode.swift; path = NoteEditorView.swift; sourceTree = "<group>"; };
		DE9673D8C5E54FF09E189FF3 /* PDFAnnotationView.swift */ = {isa = PBXFileReference; lastKnownFileType = sourcecode.swift; path = PDFAnnotationView.swift; sourceTree = "<group>"; };
		F78DED34B20F4EAF9A5E9460 /* CanvasRepresentable.swift */ = {isa = PBXFileReference; lastKnownFileType = sourcecode.swift; path = CanvasRepresentable.swift; sourceTree = "<group>"; };
		49A7E79A03BE4F0799E15575 /* ZoomablePDFPageView.swift */ = {isa = PBXFileReference; lastKnownFileType = sourcecode.swift; path = ZoomablePDFPageView.swift; sourceTree = "<group>"; };
		FA3A8475ECAA4D63B751DA13 /* ActivityView.swift */ = {isa = PBXFileReference; lastKnownFileType = sourcecode.swift; path = ActivityView.swift; sourceTree = "<group>"; };
		EA40E4F092324CFBBECAE874 /* NotePaperBackgroundView.swift */ = {isa = PBXFileReference; lastKnownFileType = sourcecode.swift; path = NotePaperBackgroundView.swift; sourceTree = "<group>"; };
		E8AE1E3393C04D23982A228B /* FileImportService.swift */ = {isa = PBXFileReference; lastKnownFileType = sourcecode.swift; path = FileImportService.swift; sourceTree = "<group>"; };
		0646A64D5D4342A0983B431A /* PDFAnnotationFlattener.swift */ = {isa = PBXFileReference; lastKnownFileType = sourcecode.swift; path = PDFAnnotationFlattener.swift; sourceTree = "<group>"; };
		122C0A52D451496A959C889A /* BackupService.swift */ = {isa = PBXFileReference; lastKnownFileType = sourcecode.swift; path = BackupService.swift; sourceTree = "<group>"; };
		2DDA37FFD84947568F6375C1 /* OrganizationService.swift */ = {isa = PBXFileReference; lastKnownFileType = sourcecode.swift; path = OrganizationService.swift; sourceTree = "<group>"; };
		A1A69D123EE746D8B3119F15 /* Assets.xcassets */ = {isa = PBXFileReference; lastKnownFileType = folder.assetcatalog; path = Assets.xcassets; sourceTree = "<group>"; };
		A7F9E20604904064BAB64502 /* Info.plist */ = {isa = PBXFileReference; lastKnownFileType = text.plist.xml; path = Info.plist; sourceTree = "<group>"; };
		1EBD8C025AEC4BAE998CFD3C /* MyNote.entitlements */ = {isa = PBXFileReference; lastKnownFileType = text.plist.entitlements; path = MyNote.entitlements; sourceTree = "<group>"; };
		02800F64BEE1497DB82F0F3B /* MyNote.app */ = {isa = PBXFileReference; explicitFileType = wrapper.application; includeInIndex = 0; path = MyNote.app; sourceTree = BUILT_PRODUCTS_DIR; };
/* End PBXFileReference section */

/* Begin PBXFrameworksBuildPhase section */
		B0A7086BC9FE452DBC0E93C8 /* Frameworks */ = {
			isa = PBXFrameworksBuildPhase;
			buildActionMask = 2147483647;
			files = (
			);
			runOnlyForDeploymentPostprocessing = 0;
		};
/* End PBXFrameworksBuildPhase section */

/* Begin PBXGroup section */
		D8370F32FC2E4FDBA9E70650 = {
			isa = PBXGroup;
			children = (
				E390ED8EE47D4FC5BACC8E1B /* MyNote */,
				3D95B11861C94277954F672B /* Products */,
			);
			sourceTree = "<group>";
		};
		3D95B11861C94277954F672B /* Products */ = {
			isa = PBXGroup;
			children = (
				02800F64BEE1497DB82F0F3B /* MyNote.app */,
			);
			name = Products;
			sourceTree = "<group>";
		};
		E390ED8EE47D4FC5BACC8E1B /* MyNote */ = {
			isa = PBXGroup;
			children = (
				9764A2FE24F442C2994E425A /* MyNoteApp.swift */,
				96A94F899F924E849A6D7661 /* Models */,
				D2F568D7BBFD4FB2996C52E8 /* Views */,
				D1CDB694CB994CB097033773 /* Services */,
				A1A69D123EE746D8B3119F15 /* Assets.xcassets */,
				A7F9E20604904064BAB64502 /* Info.plist */,
				1EBD8C025AEC4BAE998CFD3C /* MyNote.entitlements */,
			);
			path = MyNote;
			sourceTree = "<group>";
		};
		96A94F899F924E849A6D7661 /* Models */ = {
			isa = PBXGroup;
			children = (
				63373575F91E499D878A4ECC /* Folder.swift */,
				C33CFF01FCD94DEBBD7B85F9 /* Notebook.swift */,
				4C757FAD185C41C5894C1AEE /* Note.swift */,
				5E8C5236CFFB4041B0C35E9F /* PDFPageAnnotation.swift */,
				6C80B86A6BB24070ADD1618B /* MyNoteMigrationPlan.swift */,
			);
			path = Models;
			sourceTree = "<group>";
		};
		D2F568D7BBFD4FB2996C52E8 /* Views */ = {
			isa = PBXGroup;
			children = (
				3E56CEEA13B74D62AE949EF9 /* RootView.swift */,
				1DA23A1F8E7F46BAAA008854 /* FolderBrowserView.swift */,
				B9C3660D70634A60A7D2F040 /* FolderPickerView.swift */,
				AB323E7C34054633BF410307 /* NotebookPickerView.swift */,
				C48F2F0DF55241BEAE2E49F3 /* NotebookDetailView.swift */,
				F2BC46D9964B4B389D8E550C /* NoteEditorView.swift */,
				DE9673D8C5E54FF09E189FF3 /* PDFAnnotationView.swift */,
				3A8B9C3DEE27411693F31076 /* Components */,
			);
			path = Views;
			sourceTree = "<group>";
		};
		3A8B9C3DEE27411693F31076 /* Components */ = {
			isa = PBXGroup;
			children = (
				F78DED34B20F4EAF9A5E9460 /* CanvasRepresentable.swift */,
				49A7E79A03BE4F0799E15575 /* ZoomablePDFPageView.swift */,
				FA3A8475ECAA4D63B751DA13 /* ActivityView.swift */,
				EA40E4F092324CFBBECAE874 /* NotePaperBackgroundView.swift */,
			);
			path = Components;
			sourceTree = "<group>";
		};
		D1CDB694CB994CB097033773 /* Services */ = {
			isa = PBXGroup;
			children = (
				E8AE1E3393C04D23982A228B /* FileImportService.swift */,
				0646A64D5D4342A0983B431A /* PDFAnnotationFlattener.swift */,
				122C0A52D451496A959C889A /* BackupService.swift */,
				2DDA37FFD84947568F6375C1 /* OrganizationService.swift */,
			);
			path = Services;
			sourceTree = "<group>";
		};
/* End PBXGroup section */

/* Begin PBXNativeTarget section */
		E80E2ABB9FC14C1F8AEFC67E /* MyNote */ = {
			isa = PBXNativeTarget;
			buildConfigurationList = 492405C4077B4BD5A43A19F4 /* Build configuration list for PBXNativeTarget "MyNote" */;
			buildPhases = (
				F8FAD6E901F64A71B560676E /* Sources */,
				B0A7086BC9FE452DBC0E93C8 /* Frameworks */,
				8B5A31BFBB0A44149B6AAED9 /* Resources */,
			);
			buildRules = (
			);
			dependencies = (
			);
			name = MyNote;
			productName = MyNote;
			productReference = 02800F64BEE1497DB82F0F3B /* MyNote.app */;
			productType = "com.apple.product-type.application";
		};
/* End PBXNativeTarget section */

/* Begin PBXProject section */
		3B5094EABE2B4D2492126F55 /* Project object */ = {
			isa = PBXProject;
			attributes = {
				BuildIndependentTargetsInParallel = 1;
				LastSwiftUpdateCheck = 1540;
				LastUpgradeCheck = 1540;
				TargetAttributes = {
					E80E2ABB9FC14C1F8AEFC67E = {
						CreatedOnToolsVersion = 15.4;
					};
				};
			};
			buildConfigurationList = 9DCCF3E6E11D41FCA2B72305 /* Build configuration list for PBXProject "MyNote" */;
			compatibilityVersion = "Xcode 14.0";
			developmentRegion = ko;
			hasScannedForEncodings = 0;
			knownRegions = (
				ko,
				en,
				Base,
			);
			mainGroup = D8370F32FC2E4FDBA9E70650;
			productRefGroup = 3D95B11861C94277954F672B /* Products */;
			projectDirPath = "";
			projectRoot = "";
			targets = (
				E80E2ABB9FC14C1F8AEFC67E /* MyNote */,
			);
		};
/* End PBXProject section */

/* Begin PBXResourcesBuildPhase section */
		8B5A31BFBB0A44149B6AAED9 /* Resources */ = {
			isa = PBXResourcesBuildPhase;
			buildActionMask = 2147483647;
			files = (
				39BE19253F09414D9930F9CE /* Assets.xcassets in Resources */,
			);
			runOnlyForDeploymentPostprocessing = 0;
		};
/* End PBXResourcesBuildPhase section */

/* Begin PBXSourcesBuildPhase section */
		F8FAD6E901F64A71B560676E /* Sources */ = {
			isa = PBXSourcesBuildPhase;
			buildActionMask = 2147483647;
			files = (
				9D2886D73B52431481629EB2 /* MyNoteApp.swift in Sources */,
				17676B9D5C4B406FAAE8EE3C /* Folder.swift in Sources */,
				D52C0A39CAFE430D84612B86 /* Notebook.swift in Sources */,
				C4AE02D2525440FA8878BD59 /* Note.swift in Sources */,
				7EB4C681C87643F28FA309CE /* PDFPageAnnotation.swift in Sources */,
				7C801625C93547B5A3D5DB98 /* MyNoteMigrationPlan.swift in Sources */,
				3C54DDC2D0B0456F8438CFE3 /* RootView.swift in Sources */,
				BADCCC23FB944298A887763D /* FolderBrowserView.swift in Sources */,
				8ECF7966D61647EAB8416891 /* FolderPickerView.swift in Sources */,
				CCC34622E2E9456AAD2EC90E /* NotebookPickerView.swift in Sources */,
				F984B88F6886491FB84A4EBE /* NotebookDetailView.swift in Sources */,
				D4400006D3AB4DC0AB497B05 /* NoteEditorView.swift in Sources */,
				A32B4152922F45B28DEE91D2 /* PDFAnnotationView.swift in Sources */,
				26484CEDA9B54542B859361D /* CanvasRepresentable.swift in Sources */,
				6CA54DC0BA4C4FCE869AC52C /* ZoomablePDFPageView.swift in Sources */,
				B783402A667B44B88120B217 /* ActivityView.swift in Sources */,
				EF643CC59E8C40059B4ACAF6 /* NotePaperBackgroundView.swift in Sources */,
				0D50AFBD79024AD88225EF10 /* FileImportService.swift in Sources */,
				1559075AC2654BA497561719 /* PDFAnnotationFlattener.swift in Sources */,
				447FBBD368EE4A1DBEC6CAE5 /* BackupService.swift in Sources */,
				86C0E62FDC814CF59CEB8AAC /* OrganizationService.swift in Sources */,
			);
			runOnlyForDeploymentPostprocessing = 0;
		};
/* End PBXSourcesBuildPhase section */

/* Begin XCBuildConfiguration section */
		18891454B6D641F09CAF20B7 /* Debug */ = {
			isa = XCBuildConfiguration;
			buildSettings = {

				ALWAYS_SEARCH_USER_PATHS = NO;
				ASSETCATALOG_COMPILER_GENERATE_SWIFT_ASSET_SYMBOL_EXTENSIONS = YES;
				CLANG_ANALYZER_NONNULL = YES;
				CLANG_ANALYZER_NUMBER_OBJECT_CONVERSION = YES_AGGRESSIVE;
				CLANG_CXX_LANGUAGE_STANDARD = "gnu++20";
				CLANG_ENABLE_MODULES = YES;
				CLANG_ENABLE_OBJC_ARC = YES;
				CLANG_ENABLE_OBJC_WEAK = YES;
				CLANG_WARN_BLOCK_CAPTURE_AUTORELEASING = YES;
				CLANG_WARN_BOOL_CONVERSION = YES;
				CLANG_WARN_COMMA = YES;
				CLANG_WARN_CONSTANT_CONVERSION = YES;
				CLANG_WARN_DEPRECATED_OBJC_IMPLEMENTATIONS = YES;
				CLANG_WARN_DIRECT_OBJC_ISA_USAGE = YES_ERROR;
				CLANG_WARN_DOCUMENTATION_COMMENTS = YES;
				CLANG_WARN_EMPTY_BODY = YES;
				CLANG_WARN_ENUM_CONVERSION = YES;
				CLANG_WARN_INFINITE_RECURSION = YES;
				CLANG_WARN_INT_CONVERSION = YES;
				CLANG_WARN_NON_LITERAL_NULL_CONVERSION = YES;
				CLANG_WARN_OBJC_IMPLICIT_RETAIN_SELF = YES;
				CLANG_WARN_OBJC_LITERAL_CONVERSION = YES;
				CLANG_WARN_OBJC_ROOT_CLASS = YES_ERROR;
				CLANG_WARN_QUOTED_INCLUDE_IN_FRAMEWORK_HEADER = YES;
				CLANG_WARN_RANGE_LOOP_ANALYSIS = YES;
				CLANG_WARN_STRICT_PROTOTYPES = YES;
				CLANG_WARN_SUSPICIOUS_MOVE = YES;
				CLANG_WARN_UNGUARDED_AVAILABILITY = YES_AGGRESSIVE;
				CLANG_WARN_UNREACHABLE_CODE = YES;
				CLANG_WARN__DUPLICATE_METHOD_MATCH = YES;
				COPY_PHASE_STRIP = NO;
				DEBUG_INFORMATION_FORMAT = dwarf;
				ENABLE_STRICT_OBJC_MSGSEND = YES;
				ENABLE_TESTABILITY = YES;
				GCC_C_LANGUAGE_STANDARD = gnu17;
				GCC_DYNAMIC_NO_PIC = NO;
				GCC_NO_COMMON_BLOCKS = YES;
				GCC_OPTIMIZATION_LEVEL = 0;
				GCC_PREPROCESSOR_DEFINITIONS = (
					"DEBUG=1",
					"$(inherited)",
				);
				GCC_WARN_64_TO_32_BIT_CONVERSION = YES;
				GCC_WARN_ABOUT_RETURN_TYPE = YES_ERROR;
				GCC_WARN_UNDECLARED_SELECTOR = YES;
				GCC_WARN_UNINITIALIZED_AUTOS = YES_AGGRESSIVE;
				GCC_WARN_UNUSED_FUNCTION = YES;
				GCC_WARN_UNUSED_VARIABLE = YES;
				IPHONEOS_DEPLOYMENT_TARGET = 17.0;
				MTL_ENABLE_DEBUG_INFO = INCLUDE_SOURCE;
				MTL_FAST_MATH = YES;
				ONLY_ACTIVE_ARCH = YES;
				SDKROOT = iphoneos;
				SWIFT_ACTIVE_COMPILATION_CONDITIONS = DEBUG;
				SWIFT_OPTIMIZATION_LEVEL = "-Onone";
			};
			name = Debug;
		};
		C30478CB7FFE4BF890DF24EB /* Release */ = {
			isa = XCBuildConfiguration;
			buildSettings = {

				ALWAYS_SEARCH_USER_PATHS = NO;
				ASSETCATALOG_COMPILER_GENERATE_SWIFT_ASSET_SYMBOL_EXTENSIONS = YES;
				CLANG_ANALYZER_NONNULL = YES;
				CLANG_ANALYZER_NUMBER_OBJECT_CONVERSION = YES_AGGRESSIVE;
				CLANG_CXX_LANGUAGE_STANDARD = "gnu++20";
				CLANG_ENABLE_MODULES = YES;
				CLANG_ENABLE_OBJC_ARC = YES;
				CLANG_ENABLE_OBJC_WEAK = YES;
				CLANG_WARN_BLOCK_CAPTURE_AUTORELEASING = YES;
				CLANG_WARN_BOOL_CONVERSION = YES;
				CLANG_WARN_COMMA = YES;
				CLANG_WARN_CONSTANT_CONVERSION = YES;
				CLANG_WARN_DEPRECATED_OBJC_IMPLEMENTATIONS = YES;
				CLANG_WARN_DIRECT_OBJC_ISA_USAGE = YES_ERROR;
				CLANG_WARN_DOCUMENTATION_COMMENTS = YES;
				CLANG_WARN_EMPTY_BODY = YES;
				CLANG_WARN_ENUM_CONVERSION = YES;
				CLANG_WARN_INFINITE_RECURSION = YES;
				CLANG_WARN_INT_CONVERSION = YES;
				CLANG_WARN_NON_LITERAL_NULL_CONVERSION = YES;
				CLANG_WARN_OBJC_IMPLICIT_RETAIN_SELF = YES;
				CLANG_WARN_OBJC_LITERAL_CONVERSION = YES;
				CLANG_WARN_OBJC_ROOT_CLASS = YES_ERROR;
				CLANG_WARN_QUOTED_INCLUDE_IN_FRAMEWORK_HEADER = YES;
				CLANG_WARN_RANGE_LOOP_ANALYSIS = YES;
				CLANG_WARN_STRICT_PROTOTYPES = YES;
				CLANG_WARN_SUSPICIOUS_MOVE = YES;
				CLANG_WARN_UNGUARDED_AVAILABILITY = YES_AGGRESSIVE;
				CLANG_WARN_UNREACHABLE_CODE = YES;
				CLANG_WARN__DUPLICATE_METHOD_MATCH = YES;
				COPY_PHASE_STRIP = NO;
				DEBUG_INFORMATION_FORMAT = "dwarf-with-dsym";
				ENABLE_STRICT_OBJC_MSGSEND = YES;
				GCC_C_LANGUAGE_STANDARD = gnu17;
				GCC_DYNAMIC_NO_PIC = NO;
				GCC_NO_COMMON_BLOCKS = YES;
				GCC_WARN_64_TO_32_BIT_CONVERSION = YES;
				GCC_WARN_ABOUT_RETURN_TYPE = YES_ERROR;
				GCC_WARN_UNDECLARED_SELECTOR = YES;
				GCC_WARN_UNINITIALIZED_AUTOS = YES_AGGRESSIVE;
				GCC_WARN_UNUSED_FUNCTION = YES;
				GCC_WARN_UNUSED_VARIABLE = YES;
				IPHONEOS_DEPLOYMENT_TARGET = 17.0;
				MTL_ENABLE_DEBUG_INFO = INCLUDE_SOURCE;
				MTL_FAST_MATH = YES;
				SDKROOT = iphoneos;
				SWIFT_COMPILATION_MODE = wholemodule;
				VALIDATE_PRODUCT = YES;
			};
			name = Release;
		};
		84C4BE681FAC424585591F6B /* Debug */ = {
			isa = XCBuildConfiguration;
			buildSettings = {

				ASSETCATALOG_COMPILER_APPICON_NAME = AppIcon;
				ASSETCATALOG_COMPILER_GLOBAL_ACCENT_COLOR_NAME = AccentColor;
				CODE_SIGN_ENTITLEMENTS = MyNote/MyNote.entitlements;
				CODE_SIGN_STYLE = Automatic;
				CURRENT_PROJECT_VERSION = 1;
				DEVELOPMENT_ASSET_PATHS = "";
				ENABLE_PREVIEWS = YES;
				GENERATE_INFOPLIST_FILE = NO;
				INFOPLIST_FILE = MyNote/Info.plist;
				INFOPLIST_KEY_UILaunchScreen_Generation = YES;
				IPHONEOS_DEPLOYMENT_TARGET = 17.0;
				LD_RUNPATH_SEARCH_PATHS = (
					"$(inherited)",
					"@executable_path/Frameworks",
				);
				MARKETING_VERSION = 1.0;
				PRODUCT_BUNDLE_IDENTIFIER = com.mrnoh99.MyNote;
				PRODUCT_NAME = "$(TARGET_NAME)";
				SUPPORTS_MACCATALYST = NO;
				SWIFT_EMIT_LOC_STRINGS = YES;
				SWIFT_VERSION = 5.0;
				TARGETED_DEVICE_FAMILY = "1,2";
			};
			name = Debug;
		};
		31B78C9AE54A4663863C6A51 /* Release */ = {
			isa = XCBuildConfiguration;
			buildSettings = {

				ASSETCATALOG_COMPILER_APPICON_NAME = AppIcon;
				ASSETCATALOG_COMPILER_GLOBAL_ACCENT_COLOR_NAME = AccentColor;
				CODE_SIGN_ENTITLEMENTS = MyNote/MyNote.entitlements;
				CODE_SIGN_STYLE = Automatic;
				CURRENT_PROJECT_VERSION = 1;
				DEVELOPMENT_ASSET_PATHS = "";
				ENABLE_PREVIEWS = YES;
				GENERATE_INFOPLIST_FILE = NO;
				INFOPLIST_FILE = MyNote/Info.plist;
				INFOPLIST_KEY_UILaunchScreen_Generation = YES;
				IPHONEOS_DEPLOYMENT_TARGET = 17.0;
				LD_RUNPATH_SEARCH_PATHS = (
					"$(inherited)",
					"@executable_path/Frameworks",
				);
				MARKETING_VERSION = 1.0;
				PRODUCT_BUNDLE_IDENTIFIER = com.mrnoh99.MyNote;
				PRODUCT_NAME = "$(TARGET_NAME)";
				SUPPORTS_MACCATALYST = NO;
				SWIFT_EMIT_LOC_STRINGS = YES;
				SWIFT_VERSION = 5.0;
				TARGETED_DEVICE_FAMILY = "1,2";
			};
			name = Release;
		};
/* End XCBuildConfiguration section */

/* Begin XCConfigurationList section */
		9DCCF3E6E11D41FCA2B72305 /* Build configuration list for PBXProject "MyNote" */ = {
			isa = XCConfigurationList;
			buildConfigurations = (
				18891454B6D641F09CAF20B7 /* Debug */,
				C30478CB7FFE4BF890DF24EB /* Release */,
			);
			defaultConfigurationIsVisible = 0;
			defaultConfigurationName = Release;
		};
		492405C4077B4BD5A43A19F4 /* Build configuration list for PBXNativeTarget "MyNote" */ = {
			isa = XCConfigurationList;
			buildConfigurations = (
				84C4BE681FAC424585591F6B /* Debug */,
				31B78C9AE54A4663863C6A51 /* Release */,
			);
			defaultConfigurationIsVisible = 0;
			defaultConfigurationName = Release;
		};
/* End XCConfigurationList section */
	};
	rootObject = 3B5094EABE2B4D2492126F55 /* Project object */;
}
