// !$*UTF8*$!
{
	archiveVersion = 1;
	classes = {
	};
	objectVersion = 56;
	objects = {

/* Begin PBXBuildFile section */
		A6C56E78DB034E598560C7B3 /* MyNoteApp.swift in Sources */ = {isa = PBXBuildFile; fileRef = 648AED5A539548299EB48535 /* MyNoteApp.swift */; };
		4C59AAB999CC4F18B70944B6 /* Folder.swift in Sources */ = {isa = PBXBuildFile; fileRef = A52587F17FE8441A8886DBB8 /* Folder.swift */; };
		875F84BE7C884F319E307BCB /* Notebook.swift in Sources */ = {isa = PBXBuildFile; fileRef = 8D71D13C84C447B8BA9122BB /* Notebook.swift */; };
		19AAABB7E6AE432E87B1DC10 /* Note.swift in Sources */ = {isa = PBXBuildFile; fileRef = 177DB59AB61A45B494DDABF6 /* Note.swift */; };
		118C66AD72834A6492AFD633 /* PDFPageAnnotation.swift in Sources */ = {isa = PBXBuildFile; fileRef = 8B642AE6B9B24E01960AD5E5 /* PDFPageAnnotation.swift */; };
		CDD21D7F11764CA6BB64849A /* MyNoteMigrationPlan.swift in Sources */ = {isa = PBXBuildFile; fileRef = 509F52D839BA4B499917DAFB /* MyNoteMigrationPlan.swift */; };
		6BA397E10F9F42E8844C613B /* RootView.swift in Sources */ = {isa = PBXBuildFile; fileRef = 8036747E22EA4170843D2193 /* RootView.swift */; };
		EBF2BA0F4F0443E0BFCA7E02 /* FolderBrowserView.swift in Sources */ = {isa = PBXBuildFile; fileRef = 4C32CA22892A4E01B5A795EC /* FolderBrowserView.swift */; };
		8F35280522C5405691A0E021 /* FolderPickerView.swift in Sources */ = {isa = PBXBuildFile; fileRef = C3460E2110DD45EC86AAC457 /* FolderPickerView.swift */; };
		BA24B3A37DDC4526B88FD9E1 /* NotebookPickerView.swift in Sources */ = {isa = PBXBuildFile; fileRef = 062358BBAB054EE3B5342E66 /* NotebookPickerView.swift */; };
		0F1A4CC30CB848AC83662276 /* NotebookDetailView.swift in Sources */ = {isa = PBXBuildFile; fileRef = 9F1B07D8B2284C2B865AC828 /* NotebookDetailView.swift */; };
		ACE1128CDFA945378198E876 /* NoteEditorView.swift in Sources */ = {isa = PBXBuildFile; fileRef = 421740780F3F4A6D87DD2623 /* NoteEditorView.swift */; };
		6B85C9E7216C4AFEA223D264 /* PDFAnnotationView.swift in Sources */ = {isa = PBXBuildFile; fileRef = 0A24BCDE676D45C98EA08C17 /* PDFAnnotationView.swift */; };
		F5EE563EA33C425E9B71144B /* CanvasRepresentable.swift in Sources */ = {isa = PBXBuildFile; fileRef = 4B5E1D1E3381497192F15D59 /* CanvasRepresentable.swift */; };
		36DB986D8A354A909789CE2D /* ZoomablePDFPageView.swift in Sources */ = {isa = PBXBuildFile; fileRef = 208DD108B82C4B959A831089 /* ZoomablePDFPageView.swift */; };
		C5BCC2F326D3435B8BCCB857 /* ActivityView.swift in Sources */ = {isa = PBXBuildFile; fileRef = 957B45EAA23B46CAB866C866 /* ActivityView.swift */; };
		3BE538D398044F708D5D57C9 /* NotePaperBackgroundView.swift in Sources */ = {isa = PBXBuildFile; fileRef = 5AFD55FA1D0C4408892B6463 /* NotePaperBackgroundView.swift */; };
		36992CB8CE2C409D953477F8 /* PencilToolbarView.swift in Sources */ = {isa = PBXBuildFile; fileRef = 04FEDC2765894871ADF5C646 /* PencilToolbarView.swift */; };
		5AB7E873CF1E4AB493A90C8C /* FileImportService.swift in Sources */ = {isa = PBXBuildFile; fileRef = 9A3E0BF6818A4595AC9C41C0 /* FileImportService.swift */; };
		4501B5968F714CC6BD9C0C67 /* PDFAnnotationFlattener.swift in Sources */ = {isa = PBXBuildFile; fileRef = 75E9F97446674DEEB6F0D714 /* PDFAnnotationFlattener.swift */; };
		1D7332AB5C0945EA8487F073 /* BackupService.swift in Sources */ = {isa = PBXBuildFile; fileRef = 90B47E120F364D91913EF7C1 /* BackupService.swift */; };
		96312ED59D42401F9AD07F40 /* OrganizationService.swift in Sources */ = {isa = PBXBuildFile; fileRef = 54AC1613AB14462CBA64E9D4 /* OrganizationService.swift */; };
		D050869211B14AFBAD17DD9E /* Assets.xcassets in Resources */ = {isa = PBXBuildFile; fileRef = 9AD43864143D4219BAE199C5 /* Assets.xcassets */; };
/* End PBXBuildFile section */

/* Begin PBXFileReference section */
		648AED5A539548299EB48535 /* MyNoteApp.swift */ = {isa = PBXFileReference; lastKnownFileType = sourcecode.swift; path = MyNoteApp.swift; sourceTree = "<group>"; };
		A52587F17FE8441A8886DBB8 /* Folder.swift */ = {isa = PBXFileReference; lastKnownFileType = sourcecode.swift; path = Folder.swift; sourceTree = "<group>"; };
		8D71D13C84C447B8BA9122BB /* Notebook.swift */ = {isa = PBXFileReference; lastKnownFileType = sourcecode.swift; path = Notebook.swift; sourceTree = "<group>"; };
		177DB59AB61A45B494DDABF6 /* Note.swift */ = {isa = PBXFileReference; lastKnownFileType = sourcecode.swift; path = Note.swift; sourceTree = "<group>"; };
		8B642AE6B9B24E01960AD5E5 /* PDFPageAnnotation.swift */ = {isa = PBXFileReference; lastKnownFileType = sourcecode.swift; path = PDFPageAnnotation.swift; sourceTree = "<group>"; };
		509F52D839BA4B499917DAFB /* MyNoteMigrationPlan.swift */ = {isa = PBXFileReference; lastKnownFileType = sourcecode.swift; path = MyNoteMigrationPlan.swift; sourceTree = "<group>"; };
		8036747E22EA4170843D2193 /* RootView.swift */ = {isa = PBXFileReference; lastKnownFileType = sourcecode.swift; path = RootView.swift; sourceTree = "<group>"; };
		4C32CA22892A4E01B5A795EC /* FolderBrowserView.swift */ = {isa = PBXFileReference; lastKnownFileType = sourcecode.swift; path = FolderBrowserView.swift; sourceTree = "<group>"; };
		C3460E2110DD45EC86AAC457 /* FolderPickerView.swift */ = {isa = PBXFileReference; lastKnownFileType = sourcecode.swift; path = FolderPickerView.swift; sourceTree = "<group>"; };
		062358BBAB054EE3B5342E66 /* NotebookPickerView.swift */ = {isa = PBXFileReference; lastKnownFileType = sourcecode.swift; path = NotebookPickerView.swift; sourceTree = "<group>"; };
		9F1B07D8B2284C2B865AC828 /* NotebookDetailView.swift */ = {isa = PBXFileReference; lastKnownFileType = sourcecode.swift; path = NotebookDetailView.swift; sourceTree = "<group>"; };
		421740780F3F4A6D87DD2623 /* NoteEditorView.swift */ = {isa = PBXFileReference; lastKnownFileType = sourcecode.swift; path = NoteEditorView.swift; sourceTree = "<group>"; };
		0A24BCDE676D45C98EA08C17 /* PDFAnnotationView.swift */ = {isa = PBXFileReference; lastKnownFileType = sourcecode.swift; path = PDFAnnotationView.swift; sourceTree = "<group>"; };
		4B5E1D1E3381497192F15D59 /* CanvasRepresentable.swift */ = {isa = PBXFileReference; lastKnownFileType = sourcecode.swift; path = CanvasRepresentable.swift; sourceTree = "<group>"; };
		208DD108B82C4B959A831089 /* ZoomablePDFPageView.swift */ = {isa = PBXFileReference; lastKnownFileType = sourcecode.swift; path = ZoomablePDFPageView.swift; sourceTree = "<group>"; };
		957B45EAA23B46CAB866C866 /* ActivityView.swift */ = {isa = PBXFileReference; lastKnownFileType = sourcecode.swift; path = ActivityView.swift; sourceTree = "<group>"; };
		5AFD55FA1D0C4408892B6463 /* NotePaperBackgroundView.swift */ = {isa = PBXFileReference; lastKnownFileType = sourcecode.swift; path = NotePaperBackgroundView.swift; sourceTree = "<group>"; };
		04FEDC2765894871ADF5C646 /* PencilToolbarView.swift */ = {isa = PBXFileReference; lastKnownFileType = sourcecode.swift; path = PencilToolbarView.swift; sourceTree = "<group>"; };
		9A3E0BF6818A4595AC9C41C0 /* FileImportService.swift */ = {isa = PBXFileReference; lastKnownFileType = sourcecode.swift; path = FileImportService.swift; sourceTree = "<group>"; };
		75E9F97446674DEEB6F0D714 /* PDFAnnotationFlattener.swift */ = {isa = PBXFileReference; lastKnownFileType = sourcecode.swift; path = PDFAnnotationFlattener.swift; sourceTree = "<group>"; };
		90B47E120F364D91913EF7C1 /* BackupService.swift */ = {isa = PBXFileReference; lastKnownFileType = sourcecode.swift; path = BackupService.swift; sourceTree = "<group>"; };
		54AC1613AB14462CBA64E9D4 /* OrganizationService.swift */ = {isa = PBXFileReference; lastKnownFileType = sourcecode.swift; path = OrganizationService.swift; sourceTree = "<group>"; };
		9AD43864143D4219BAE199C5 /* Assets.xcassets */ = {isa = PBXFileReference; lastKnownFileType = folder.assetcatalog; path = Assets.xcassets; sourceTree = "<group>"; };
		3426EF4CF6E64DC6B3361151 /* Info.plist */ = {isa = PBXFileReference; lastKnownFileType = text.plist.xml; path = Info.plist; sourceTree = "<group>"; };
		20DC001C778248789F7FA258 /* MyNote.entitlements */ = {isa = PBXFileReference; lastKnownFileType = text.plist.entitlements; path = MyNote.entitlements; sourceTree = "<group>"; };
		84E24175A2374C0ABE0D1EFB /* MyNote.app */ = {isa = PBXFileReference; explicitFileType = wrapper.application; includeInIndex = 0; path = MyNote.app; sourceTree = BUILT_PRODUCTS_DIR; };
/* End PBXFileReference section */

/* Begin PBXFrameworksBuildPhase section */
		57281D70A3924A8490FCC09B /* Frameworks */ = {
			isa = PBXFrameworksBuildPhase;
			buildActionMask = 2147483647;
			files = (
			);
			runOnlyForDeploymentPostprocessing = 0;
		};
/* End PBXFrameworksBuildPhase section */

/* Begin PBXGroup section */
		73306F4565434752A7DEEF55 = {
			isa = PBXGroup;
			children = (
				98F28E5B2C29447D9F2A7A08 /* MyNote */,
				2B5F7D73D052429DA5C24431 /* Products */,
			);
			sourceTree = "<group>";
		};
		2B5F7D73D052429DA5C24431 /* Products */ = {
			isa = PBXGroup;
			children = (
				84E24175A2374C0ABE0D1EFB /* MyNote.app */,
			);
			name = Products;
			sourceTree = "<group>";
		};
		98F28E5B2C29447D9F2A7A08 /* MyNote */ = {
			isa = PBXGroup;
			children = (
				648AED5A539548299EB48535 /* MyNoteApp.swift */,
				025FC554454B491B8ECC9B68 /* Models */,
				D30921A372D845CFBD42C4F5 /* Views */,
				AABB13C21CCA43A1AD3A1001 /* Services */,
				9AD43864143D4219BAE199C5 /* Assets.xcassets */,
				3426EF4CF6E64DC6B3361151 /* Info.plist */,
				20DC001C778248789F7FA258 /* MyNote.entitlements */,
			);
			path = MyNote;
			sourceTree = "<group>";
		};
		025FC554454B491B8ECC9B68 /* Models */ = {
			isa = PBXGroup;
			children = (
				A52587F17FE8441A8886DBB8 /* Folder.swift */,
				8D71D13C84C447B8BA9122BB /* Notebook.swift */,
				177DB59AB61A45B494DDABF6 /* Note.swift */,
				8B642AE6B9B24E01960AD5E5 /* PDFPageAnnotation.swift */,
				509F52D839BA4B499917DAFB /* MyNoteMigrationPlan.swift */,
			);
			path = Models;
			sourceTree = "<group>";
		};
		D30921A372D845CFBD42C4F5 /* Views */ = {
			isa = PBXGroup;
			children = (
				8036747E22EA4170843D2193 /* RootView.swift */,
				4C32CA22892A4E01B5A795EC /* FolderBrowserView.swift */,
				C3460E2110DD45EC86AAC457 /* FolderPickerView.swift */,
				062358BBAB054EE3B5342E66 /* NotebookPickerView.swift */,
				9F1B07D8B2284C2B865AC828 /* NotebookDetailView.swift */,
				421740780F3F4A6D87DD2623 /* NoteEditorView.swift */,
				0A24BCDE676D45C98EA08C17 /* PDFAnnotationView.swift */,
				3E1FB3167B21462DB82C6E47 /* Components */,
			);
			path = Views;
			sourceTree = "<group>";
		};
		3E1FB3167B21462DB82C6E47 /* Components */ = {
			isa = PBXGroup;
			children = (
				4B5E1D1E3381497192F15D59 /* CanvasRepresentable.swift */,
				208DD108B82C4B959A831089 /* ZoomablePDFPageView.swift */,
				957B45EAA23B46CAB866C866 /* ActivityView.swift */,
				5AFD55FA1D0C4408892B6463 /* NotePaperBackgroundView.swift */,
				04FEDC2765894871ADF5C646 /* PencilToolbarView.swift */,
			);
			path = Components;
			sourceTree = "<group>";
		};
		AABB13C21CCA43A1AD3A1001 /* Services */ = {
			isa = PBXGroup;
			children = (
				9A3E0BF6818A4595AC9C41C0 /* FileImportService.swift */,
				75E9F97446674DEEB6F0D714 /* PDFAnnotationFlattener.swift */,
				90B47E120F364D91913EF7C1 /* BackupService.swift */,
				54AC1613AB14462CBA64E9D4 /* OrganizationService.swift */,
			);
			path = Services;
			sourceTree = "<group>";
		};
/* End PBXGroup section */

/* Begin PBXNativeTarget section */
		233AAB0DA63541EE8264CA83 /* MyNote */ = {
			isa = PBXNativeTarget;
			buildConfigurationList = 3FBF2EE9FC81469EBC25634C /* Build configuration list for PBXNativeTarget "MyNote" */;
			buildPhases = (
				8513B3B49E2D4AA1B29544F0 /* Sources */,
				57281D70A3924A8490FCC09B /* Frameworks */,
				5D1C98B6FE8F4DA1AD824FF7 /* Resources */,
			);
			buildRules = (
			);
			dependencies = (
			);
			name = MyNote;
			productName = MyNote;
			productReference = 84E24175A2374C0ABE0D1EFB /* MyNote.app */;
			productType = "com.apple.product-type.application";
		};
/* End PBXNativeTarget section */

/* Begin PBXProject section */
		8899134DB08E4198A01A4DF1 /* Project object */ = {
			isa = PBXProject;
			attributes = {
				BuildIndependentTargetsInParallel = 1;
				LastSwiftUpdateCheck = 1540;
				LastUpgradeCheck = 1540;
				TargetAttributes = {
					233AAB0DA63541EE8264CA83 = {
						CreatedOnToolsVersion = 15.4;
					};
				};
			};
			buildConfigurationList = 940626ED6E3D4AA38D1A022C /* Build configuration list for PBXProject "MyNote" */;
			compatibilityVersion = "Xcode 14.0";
			developmentRegion = ko;
			hasScannedForEncodings = 0;
			knownRegions = (
				ko,
				en,
				Base,
			);
			mainGroup = 73306F4565434752A7DEEF55;
			productRefGroup = 2B5F7D73D052429DA5C24431 /* Products */;
			projectDirPath = "";
			projectRoot = "";
			targets = (
				233AAB0DA63541EE8264CA83 /* MyNote */,
			);
		};
/* End PBXProject section */

/* Begin PBXResourcesBuildPhase section */
		5D1C98B6FE8F4DA1AD824FF7 /* Resources */ = {
			isa = PBXResourcesBuildPhase;
			buildActionMask = 2147483647;
			files = (
				D050869211B14AFBAD17DD9E /* Assets.xcassets in Resources */,
			);
			runOnlyForDeploymentPostprocessing = 0;
		};
/* End PBXResourcesBuildPhase section */

/* Begin PBXSourcesBuildPhase section */
		8513B3B49E2D4AA1B29544F0 /* Sources */ = {
			isa = PBXSourcesBuildPhase;
			buildActionMask = 2147483647;
			files = (
				A6C56E78DB034E598560C7B3 /* MyNoteApp.swift in Sources */,
				4C59AAB999CC4F18B70944B6 /* Folder.swift in Sources */,
				875F84BE7C884F319E307BCB /* Notebook.swift in Sources */,
				19AAABB7E6AE432E87B1DC10 /* Note.swift in Sources */,
				118C66AD72834A6492AFD633 /* PDFPageAnnotation.swift in Sources */,
				CDD21D7F11764CA6BB64849A /* MyNoteMigrationPlan.swift in Sources */,
				6BA397E10F9F42E8844C613B /* RootView.swift in Sources */,
				EBF2BA0F4F0443E0BFCA7E02 /* FolderBrowserView.swift in Sources */,
				8F35280522C5405691A0E021 /* FolderPickerView.swift in Sources */,
				BA24B3A37DDC4526B88FD9E1 /* NotebookPickerView.swift in Sources */,
				0F1A4CC30CB848AC83662276 /* NotebookDetailView.swift in Sources */,
				ACE1128CDFA945378198E876 /* NoteEditorView.swift in Sources */,
				6B85C9E7216C4AFEA223D264 /* PDFAnnotationView.swift in Sources */,
				F5EE563EA33C425E9B71144B /* CanvasRepresentable.swift in Sources */,
				36DB986D8A354A909789CE2D /* ZoomablePDFPageView.swift in Sources */,
				C5BCC2F326D3435B8BCCB857 /* ActivityView.swift in Sources */,
				3BE538D398044F708D5D57C9 /* NotePaperBackgroundView.swift in Sources */,
				36992CB8CE2C409D953477F8 /* PencilToolbarView.swift in Sources */,
				5AB7E873CF1E4AB493A90C8C /* FileImportService.swift in Sources */,
				4501B5968F714CC6BD9C0C67 /* PDFAnnotationFlattener.swift in Sources */,
				1D7332AB5C0945EA8487F073 /* BackupService.swift in Sources */,
				96312ED59D42401F9AD07F40 /* OrganizationService.swift in Sources */,
			);
			runOnlyForDeploymentPostprocessing = 0;
		};
/* End PBXSourcesBuildPhase section */

/* Begin XCBuildConfiguration section */
		B84EF5B369A940078026D48F /* Debug */ = {
			isa = XCBuildConfiguration;
			buildSettings = {

				ALWAYS_SEARCH_USER_PATHS = NO;
				ASSETCATALOG_COMPILER_GENERATE_SWIFT_ASSET_SYMBOL_EXTENSIONS = YES;
				CLANG_ANALYZER_NONNULL = YES;
				CLANG_ANALYZER_NUMBER_OBJECT_CONVERSION = YES_AGGRESSIVE;
				CLANG_CXX_LANGUAGE_STANDARD = "gnu++20";
				CLANG_ENABLE_MODULES = YES;
				CLANG_ENABLE_OBJC_ARC = YES;
				CLANG_ENABLE_OBJC_WEAK = YES;
				CLANG_WARN_BLOCK_CAPTURE_AUTORELEASING = YES;
				CLANG_WARN_BOOL_CONVERSION = YES;
				CLANG_WARN_COMMA = YES;
				CLANG_WARN_CONSTANT_CONVERSION = YES;
				CLANG_WARN_DEPRECATED_OBJC_IMPLEMENTATIONS = YES;
				CLANG_WARN_DIRECT_OBJC_ISA_USAGE = YES_ERROR;
				CLANG_WARN_DOCUMENTATION_COMMENTS = YES;
				CLANG_WARN_EMPTY_BODY = YES;
				CLANG_WARN_ENUM_CONVERSION = YES;
				CLANG_WARN_INFINITE_RECURSION = YES;
				CLANG_WARN_INT_CONVERSION = YES;
				CLANG_WARN_NON_LITERAL_NULL_CONVERSION = YES;
				CLANG_WARN_OBJC_IMPLICIT_RETAIN_SELF = YES;
				CLANG_WARN_OBJC_LITERAL_CONVERSION = YES;
				CLANG_WARN_OBJC_ROOT_CLASS = YES_ERROR;
				CLANG_WARN_QUOTED_INCLUDE_IN_FRAMEWORK_HEADER = YES;
				CLANG_WARN_RANGE_LOOP_ANALYSIS = YES;
				CLANG_WARN_STRICT_PROTOTYPES = YES;
				CLANG_WARN_SUSPICIOUS_MOVE = YES;
				CLANG_WARN_UNGUARDED_AVAILABILITY = YES_AGGRESSIVE;
				CLANG_WARN_UNREACHABLE_CODE = YES;
				CLANG_WARN__DUPLICATE_METHOD_MATCH = YES;
				COPY_PHASE_STRIP = NO;
				DEBUG_INFORMATION_FORMAT = dwarf;
				ENABLE_STRICT_OBJC_MSGSEND = YES;
				ENABLE_TESTABILITY = YES;
				GCC_C_LANGUAGE_STANDARD = gnu17;
				GCC_DYNAMIC_NO_PIC = NO;
				GCC_NO_COMMON_BLOCKS = YES;
				GCC_OPTIMIZATION_LEVEL = 0;
				GCC_PREPROCESSOR_DEFINITIONS = (
					"DEBUG=1",
					"$(inherited)",
				);
				GCC_WARN_64_TO_32_BIT_CONVERSION = YES;
				GCC_WARN_ABOUT_RETURN_TYPE = YES_ERROR;
				GCC_WARN_UNDECLARED_SELECTOR = YES;
				GCC_WARN_UNINITIALIZED_AUTOS = YES_AGGRESSIVE;
				GCC_WARN_UNUSED_FUNCTION = YES;
				GCC_WARN_UNUSED_VARIABLE = YES;
				IPHONEOS_DEPLOYMENT_TARGET = 17.0;
				MTL_ENABLE_DEBUG_INFO = INCLUDE_SOURCE;
				MTL_FAST_MATH = YES;
				ONLY_ACTIVE_ARCH = YES;
				SDKROOT = iphoneos;
				SWIFT_ACTIVE_COMPILATION_CONDITIONS = DEBUG;
				SWIFT_OPTIMIZATION_LEVEL = "-Onone";
			};
			name = Debug;
		};
		99471FED513C4D8C890739BD /* Release */ = {
			isa = XCBuildConfiguration;
			buildSettings = {

				ALWAYS_SEARCH_USER_PATHS = NO;
				ASSETCATALOG_COMPILER_GENERATE_SWIFT_ASSET_SYMBOL_EXTENSIONS = YES;
				CLANG_ANALYZER_NONNULL = YES;
				CLANG_ANALYZER_NUMBER_OBJECT_CONVERSION = YES_AGGRESSIVE;
				CLANG_CXX_LANGUAGE_STANDARD = "gnu++20";
				CLANG_ENABLE_MODULES = YES;
				CLANG_ENABLE_OBJC_ARC = YES;
				CLANG_ENABLE_OBJC_WEAK = YES;
				CLANG_WARN_BLOCK_CAPTURE_AUTORELEASING = YES;
				CLANG_WARN_BOOL_CONVERSION = YES;
				CLANG_WARN_COMMA = YES;
				CLANG_WARN_CONSTANT_CONVERSION = YES;
				CLANG_WARN_DEPRECATED_OBJC_IMPLEMENTATIONS = YES;
				CLANG_WARN_DIRECT_OBJC_ISA_USAGE = YES_ERROR;
				CLANG_WARN_DOCUMENTATION_COMMENTS = YES;
				CLANG_WARN_EMPTY_BODY = YES;
				CLANG_WARN_ENUM_CONVERSION = YES;
				CLANG_WARN_INFINITE_RECURSION = YES;
				CLANG_WARN_INT_CONVERSION = YES;
				CLANG_WARN_NON_LITERAL_NULL_CONVERSION = YES;
				CLANG_WARN_OBJC_IMPLICIT_RETAIN_SELF = YES;
				CLANG_WARN_OBJC_LITERAL_CONVERSION = YES;
				CLANG_WARN_OBJC_ROOT_CLASS = YES_ERROR;
				CLANG_WARN_QUOTED_INCLUDE_IN_FRAMEWORK_HEADER = YES;
				CLANG_WARN_RANGE_LOOP_ANALYSIS = YES;
				CLANG_WARN_STRICT_PROTOTYPES = YES;
				CLANG_WARN_SUSPICIOUS_MOVE = YES;
				CLANG_WARN_UNGUARDED_AVAILABILITY = YES_AGGRESSIVE;
				CLANG_WARN_UNREACHABLE_CODE = YES;
				CLANG_WARN__DUPLICATE_METHOD_MATCH = YES;
				COPY_PHASE_STRIP = NO;
				DEBUG_INFORMATION_FORMAT = "dwarf-with-dsym";
				ENABLE_STRICT_OBJC_MSGSEND = YES;
				GCC_C_LANGUAGE_STANDARD = gnu17;
				GCC_DYNAMIC_NO_PIC = NO;
				GCC_NO_COMMON_BLOCKS = YES;
				GCC_WARN_64_TO_32_BIT_CONVERSION = YES;
				GCC_WARN_ABOUT_RETURN_TYPE = YES_ERROR;
				GCC_WARN_UNDECLARED_SELECTOR = YES;
				GCC_WARN_UNINITIALIZED_AUTOS = YES_AGGRESSIVE;
				GCC_WARN_UNUSED_FUNCTION = YES;
				GCC_WARN_UNUSED_VARIABLE = YES;
				IPHONEOS_DEPLOYMENT_TARGET = 17.0;
				MTL_ENABLE_DEBUG_INFO = INCLUDE_SOURCE;
				MTL_FAST_MATH = YES;
				SDKROOT = iphoneos;
				SWIFT_COMPILATION_MODE = wholemodule;
				VALIDATE_PRODUCT = YES;
			};
			name = Release;
		};
		471E34EB0481483FA84DDDA4 /* Debug */ = {
			isa = XCBuildConfiguration;
			buildSettings = {

				ASSETCATALOG_COMPILER_APPICON_NAME = AppIcon;
				ASSETCATALOG_COMPILER_GLOBAL_ACCENT_COLOR_NAME = AccentColor;
				CODE_SIGN_ENTITLEMENTS = MyNote/MyNote.entitlements;
				CODE_SIGN_STYLE = Automatic;
				CURRENT_PROJECT_VERSION = 1;
				DEVELOPMENT_ASSET_PATHS = "";
				ENABLE_PREVIEWS = YES;
				GENERATE_INFOPLIST_FILE = NO;
				INFOPLIST_FILE = MyNote/Info.plist;
				INFOPLIST_KEY_UILaunchScreen_Generation = YES;
				IPHONEOS_DEPLOYMENT_TARGET = 17.0;
				LD_RUNPATH_SEARCH_PATHS = (
					"$(inherited)",
					"@executable_path/Frameworks",
				);
				MARKETING_VERSION = 1.0;
				PRODUCT_BUNDLE_IDENTIFIER = com.mrnoh99.MyNote;
				PRODUCT_NAME = "$(TARGET_NAME)";
				SUPPORTS_MACCATALYST = NO;
				SWIFT_EMIT_LOC_STRINGS = YES;
				SWIFT_VERSION = 5.0;
				TARGETED_DEVICE_FAMILY = "1,2";
			};
			name = Debug;
		};
		B93E99FBE1504925859E8DE9 /* Release */ = {
			isa = XCBuildConfiguration;
			buildSettings = {

				ASSETCATALOG_COMPILER_APPICON_NAME = AppIcon;
				ASSETCATALOG_COMPILER_GLOBAL_ACCENT_COLOR_NAME = AccentColor;
				CODE_SIGN_ENTITLEMENTS = MyNote/MyNote.entitlements;
				CODE_SIGN_STYLE = Automatic;
				CURRENT_PROJECT_VERSION = 1;
				DEVELOPMENT_ASSET_PATHS = "";
				ENABLE_PREVIEWS = YES;
				GENERATE_INFOPLIST_FILE = NO;
				INFOPLIST_FILE = MyNote/Info.plist;
				INFOPLIST_KEY_UILaunchScreen_Generation = YES;
				IPHONEOS_DEPLOYMENT_TARGET = 17.0;
				LD_RUNPATH_SEARCH_PATHS = (
					"$(inherited)",
					"@executable_path/Frameworks",
				);
				MARKETING_VERSION = 1.0;
				PRODUCT_BUNDLE_IDENTIFIER = com.mrnoh99.MyNote;
				PRODUCT_NAME = "$(TARGET_NAME)";
				SUPPORTS_MACCATALYST = NO;
				SWIFT_EMIT_LOC_STRINGS = YES;
				SWIFT_VERSION = 5.0;
				TARGETED_DEVICE_FAMILY = "1,2";
			};
			name = Release;
		};
/* End XCBuildConfiguration section */

/* Begin XCConfigurationList section */
		940626ED6E3D4AA38D1A022C /* Build configuration list for PBXProject "MyNote" */ = {
			isa = XCConfigurationList;
			buildConfigurations = (
				B84EF5B369A940078026D48F /* Debug */,
				99471FED513C4D8C890739BD /* Release */,
			);
			defaultConfigurationIsVisible = 0;
			defaultConfigurationName = Release;
		};
		3FBF2EE9FC81469EBC25634C /* Build configuration list for PBXNativeTarget "MyNote" */ = {
			isa = XCConfigurationList;
			buildConfigurations = (
				471E34EB0481483FA84DDDA4 /* Debug */,
				B93E99FBE1504925859E8DE9 /* Release */,
			);
			defaultConfigurationIsVisible = 0;
			defaultConfigurationName = Release;
		};
/* End XCConfigurationList section */
	};
	rootObject = 8899134DB08E4198A01A4DF1 /* Project object */;
}
